# This file is automatically @generated by Cargo.
# It is not intended for manual editing.
version = 3

[[package]]
name = "idfem"
version = "0.1.0"
dependencies = [
 "vputilslib",
]

[[package]]
name = "vputilslib"
version = "0.1.0"
source = "git+https://github.com/VillePe/rust-vputilslib#311df67f112061bd6f55299f190a32b9e48cad3a"
