# This file is automatically @generated by Cargo.
# It is not intended for manual editing.
version = 3

[[package]]
name = "idfem"
version = "0.1.0"
dependencies = [
 "vputilslib",
]

[[package]]
name = "vputilslib"
version = "0.1.0"
source = "git+https://github.com/VillePe/rust-vputilslib?branch=dev#87d54531b3799d4b174754386b69456981791f4a"
